
Microsoft Visual Studio Solution File, Format Version 12.00
# Visual Studio 15
VisualStudioVersion = 15.0.28010.2050
MinimumVisualStudioVersion = 10.0.40219.1
Project("{F2A71F9B-5D33-465A-A702-920D77279786}") = "Capstone3-MySolution", "Capstone3-MySolution\Capstone3-MySolution.fsproj", "{748B42EF-C31E-4686-A297-7DAC22050CA3}"
EndProject
Global
	GlobalSection(SolutionConfigurationPlatforms) = preSolution
		Debug|Any CPU = Debug|Any CPU
		Release|Any CPU = Release|Any CPU
	EndGlobalSection
	GlobalSection(ProjectConfigurationPlatforms) = postSolution
		{748B42EF-C31E-4686-A297-7DAC22050CA3}.Debug|Any CPU.ActiveCfg = Debug|Any CPU
		{748B42EF-C31E-4686-A297-7DAC22050CA3}.Debug|Any CPU.Build.0 = Debug|Any CPU
		{748B42EF-C31E-4686-A297-7DAC22050CA3}.Release|Any CPU.ActiveCfg = Release|Any CPU
		{748B42EF-C31E-4686-A297-7DAC22050CA3}.Release|Any CPU.Build.0 = Release|Any CPU
	EndGlobalSection
	GlobalSection(SolutionProperties) = preSolution
		HideSolutionNode = FALSE
	EndGlobalSection
	GlobalSection(ExtensibilityGlobals) = postSolution
		SolutionGuid = {4DE3B4C7-8A21-4B6E-85D4-D59EF28F3ACC}
	EndGlobalSection
EndGlobal
